
Microsoft Visual Studio Solution File, Format Version 12.00
# Visual Studio Version 17
VisualStudioVersion = 17.4.33122.133
MinimumVisualStudioVersion = 10.0.40219.1
Project("{9A19103F-16F7-4668-BE54-9A1E7A4F7556}") = "SolutionConfig", "SolutionConfig\SolutionConfig.csproj", "{61A3CB74-B273-4E23-A2FB-6A11E37BE2CD}"
EndProject
Project("{9A19103F-16F7-4668-BE54-9A1E7A4F7556}") = "TableDataGenerator", "TableDataGenerator\TableDataGenerator.csproj", "{55F2F049-622C-4AA3-9D81-28EBBCA827E4}"
EndProject
Project("{2150E333-8FDC-42A3-9474-1A3956D46DE8}") = "解决方案项", "解决方案项", "{228D1A72-17C2-4490-8E74-4A6845522655}"
	ProjectSection(SolutionItems) = preProject
		Directory.Build.props = Directory.Build.props
		docker-compose.yml = docker-compose.yml
	EndProjectSection
EndProject
Project("{2150E333-8FDC-42A3-9474-1A3956D46DE8}") = "NormalMono", "NormalMono", "{939E628A-4010-42EA-8C7C-60364E8397D5}"
EndProject
Project("{2150E333-8FDC-42A3-9474-1A3956D46DE8}") = "WorkFlowForSolution", "WorkFlowForSolution", "{CA6C3BEC-0687-4992-A470-16FEF719DA33}"
EndProject
Project("{2150E333-8FDC-42A3-9474-1A3956D46DE8}") = "Server", "Server", "{2CA9B4EF-0C2C-43F2-A9AA-7D315D9F1439}"
EndProject
Project("{9A19103F-16F7-4668-BE54-9A1E7A4F7556}") = "ProgramConstConfigGenerator", "ProgramConstConfigGenerator\ProgramConstConfigGenerator.csproj", "{0D019FB8-4D38-43A7-83E4-E41FD91600EF}"
EndProject
Project("{2150E333-8FDC-42A3-9474-1A3956D46DE8}") = "AResources", "AResources", "{3B14DB13-FAE1-4078-8E51-1AA71DEDAD61}"
EndProject
Project("{9A19103F-16F7-4668-BE54-9A1E7A4F7556}") = "Resources", "Resources\Resources.csproj", "{591A0EE6-42CA-49AD-9115-C5A074D2D001}"
EndProject
Project("{9A19103F-16F7-4668-BE54-9A1E7A4F7556}") = "GenClientProtobuf", "GenClientProtobuf\GenClientProtobuf.csproj", "{0992243C-82C1-40EE-B074-2FB909F39FDE}"
EndProject
Project("{9A19103F-16F7-4668-BE54-9A1E7A4F7556}") = "WorkFlowUtil", "WorkFlowUtil\WorkFlowUtil.csproj", "{2550167E-4FE7-4824-AEA1-DB866EB1BF61}"
EndProject
Project("{9A19103F-16F7-4668-BE54-9A1E7A4F7556}") = "IncludeUnityProjectsToSolution", "IncludeUnityProjectsToSolution\IncludeUnityProjectsToSolution.csproj", "{03692E81-6A07-467E-A5EA-87895CD16076}"
EndProject
Project("{9A19103F-16F7-4668-BE54-9A1E7A4F7556}") = "BuildDirectoryBuildProps", "BuildDirectoryBuildProps\BuildDirectoryBuildProps.csproj", "{E8791E15-B609-426A-AB1D-3424155DA929}"
EndProject
Project("{9A19103F-16F7-4668-BE54-9A1E7A4F7556}") = "ProtocTools", "ProtocTools\ProtocTools.csproj", "{1D723766-978D-4746-9286-FE6FB8E4EFFC}"
EndProject
Project("{9A19103F-16F7-4668-BE54-9A1E7A4F7556}") = "BoysheO.Protobuf.Pool.ForTableGen", "BoysheO.Protobuf.Pool.ForTableGen\BoysheO.Protobuf.Pool.ForTableGen.csproj", "{F6C8D82A-355C-4B04-AEA0-0E878D97ED78}"
EndProject
Project("{2150E333-8FDC-42A3-9474-1A3956D46DE8}") = "Mono", "Mono", "{976829AF-E886-418B-BF73-B0431BE792BB}"
EndProject
Project("{9A19103F-16F7-4668-BE54-9A1E7A4F7556}") = "PowerECalc", "PowerECalc\PowerECalc.csproj", "{23F32633-6CF3-4AB5-AEF5-EAAF654A6437}"
EndProject
Project("{9A19103F-16F7-4668-BE54-9A1E7A4F7556}") = "RecoverVerdaccioDb", "RecoverVerdaccioDb\RecoverVerdaccioDb.csproj", "{9239C761-2C56-4615-B1F0-0F35D4FD70C1}"
EndProject
Project("{9A19103F-16F7-4668-BE54-9A1E7A4F7556}") = "GenCustomerProto", "GenCustomerProto\GenCustomerProto.csproj", "{055AFFF7-736B-4578-B67E-D850F39377F6}"
EndProject
Project("{9A19103F-16F7-4668-BE54-9A1E7A4F7556}") = "GrpcServer", "GrpcServer\GrpcServer.csproj", "{B6BF5147-8E6B-491C-A917-97C71DE79E5F}"
EndProject
Project("{2150E333-8FDC-42A3-9474-1A3956D46DE8}") = "Roslyn", "Roslyn", "{58CAA322-1AD8-4F79-8BEA-D0AE214DCC69}"
EndProject
Project("{9A19103F-16F7-4668-BE54-9A1E7A4F7556}") = "GenEnvironmentConfigAutomatically", "GenEnvironmentConfigAutomatically\GenEnvironmentConfigAutomatically.csproj", "{6F07E06E-A66E-44C0-AF2B-92851ACB4032}"
EndProject
Project("{9A19103F-16F7-4668-BE54-9A1E7A4F7556}") = "EnvironmentConfigModel", "EnvironmentConfigModel\EnvironmentConfigModel.csproj", "{4727030F-115F-4F3E-BD3C-2101F62BF259}"
EndProject
Project("{2150E333-8FDC-42A3-9474-1A3956D46DE8}") = "Reference", "Reference", "{D52B7EDA-532C-4417-861F-A0F57B9D47EF}"
EndProject
Project("{9A19103F-16F7-4668-BE54-9A1E7A4F7556}") = "Tomlyn", "Tomlyn\src\Tomlyn\Tomlyn.csproj", "{9BD8AECD-0F9A-4604-8C35-9513AAB8A16C}"
EndProject
Project("{9A19103F-16F7-4668-BE54-9A1E7A4F7556}") = "EnvironmentConfig", "EnvironmentConfig\EnvironmentConfig.csproj", "{427EB76F-D8CF-49B1-91E4-42A3F1336DED}"
EndProject
Project("{2150E333-8FDC-42A3-9474-1A3956D46DE8}") = "Support", "Support", "{92D7FD45-4B21-4225-A9C6-9563EF5D2622}"
EndProject
Project("{FAE04EC0-301F-11D3-BF4B-00C04F79EFBC}") = "WorkspaceConfigReader", "WorkspaceConfigReader\WorkspaceConfigReader.csproj", "{85E0BF9D-A27B-440F-B23A-716FA8A235B6}"
EndProject
Project("{2150E333-8FDC-42A3-9474-1A3956D46DE8}") = "Services", "Services", "{B7D2EC80-5939-40B5-AF81-D661482ABAEE}"
EndProject
Project("{FAE04EC0-301F-11D3-BF4B-00C04F79EFBC}") = "ProtocGenOptionPlugin", "ProtocGenOptionPlugin\ProtocGenOptionPlugin.csproj", "{70D9AA82-2883-452E-9676-36EFD1BF3EF2}"
EndProject
Project("{FAE04EC0-301F-11D3-BF4B-00C04F79EFBC}") = "EnvironmentConfigHelper", "EnvironmentConfigHelper\EnvironmentConfigHelper.csproj", "{40F65977-D09D-41FA-BC90-F17A4A2EB7CB}"
EndProject
Project("{FAE04EC0-301F-11D3-BF4B-00C04F79EFBC}") = "RunTableGen2", "RunTableGen2\RunTableGen2.csproj", "{E523AC41-D9F1-495F-9EDC-072DA2628DDE}"
EndProject
Project("{FAE04EC0-301F-11D3-BF4B-00C04F79EFBC}") = "BoysheO.ProcessSystem", "ProcessHelper\BoysheO.ProcessSystem.csproj", "{1443C3D3-EC68-4A2C-8623-D90A07097673}"
EndProject
Project("{D954291E-2A0B-460D-934E-DC6B0785DB48}") = "SharedProject", "SharedProject\SharedProject.shproj", "{63B8D0AE-B52E-40AB-9A8F-F368FA098E4D}"
EndProject
Project("{FAE04EC0-301F-11D3-BF4B-00C04F79EFBC}") = "ShareProjectGenerator", "ShareProjectGenerator\ShareProjectGenerator.csproj", "{8ED1561F-2CD8-4E4F-8F6F-E147C848EA4A}"
EndProject
Project("{FAE04EC0-301F-11D3-BF4B-00C04F79EFBC}") = "HelloWorldService", "HelloWorldService\HelloWorldService.csproj", "{CCE2E09F-E98F-41E9-8376-A1702C36A309}"
EndProject
Project("{FAE04EC0-301F-11D3-BF4B-00C04F79EFBC}") = "ExampleServerCommon", "ExampleServerCommon\ExampleServerCommon.csproj", "{C1ECCC81-2770-4524-8B18-8CD85474B6B6}"
EndProject
Global
	GlobalSection(SolutionConfigurationPlatforms) = preSolution
		Debug|Any CPU = Debug|Any CPU
		Release|Any CPU = Release|Any CPU
	EndGlobalSection
	GlobalSection(ProjectConfigurationPlatforms) = postSolution
		{61A3CB74-B273-4E23-A2FB-6A11E37BE2CD}.Debug|Any CPU.ActiveCfg = Debug|Any CPU
		{61A3CB74-B273-4E23-A2FB-6A11E37BE2CD}.Debug|Any CPU.Build.0 = Debug|Any CPU
		{61A3CB74-B273-4E23-A2FB-6A11E37BE2CD}.Release|Any CPU.ActiveCfg = Release|Any CPU
		{61A3CB74-B273-4E23-A2FB-6A11E37BE2CD}.Release|Any CPU.Build.0 = Release|Any CPU
		{55F2F049-622C-4AA3-9D81-28EBBCA827E4}.Debug|Any CPU.ActiveCfg = Debug|Any CPU
		{55F2F049-622C-4AA3-9D81-28EBBCA827E4}.Debug|Any CPU.Build.0 = Debug|Any CPU
		{55F2F049-622C-4AA3-9D81-28EBBCA827E4}.Release|Any CPU.ActiveCfg = Release|Any CPU
		{55F2F049-622C-4AA3-9D81-28EBBCA827E4}.Release|Any CPU.Build.0 = Release|Any CPU
		{0D019FB8-4D38-43A7-83E4-E41FD91600EF}.Debug|Any CPU.ActiveCfg = Debug|Any CPU
		{0D019FB8-4D38-43A7-83E4-E41FD91600EF}.Debug|Any CPU.Build.0 = Debug|Any CPU
		{0D019FB8-4D38-43A7-83E4-E41FD91600EF}.Release|Any CPU.ActiveCfg = Release|Any CPU
		{0D019FB8-4D38-43A7-83E4-E41FD91600EF}.Release|Any CPU.Build.0 = Release|Any CPU
		{591A0EE6-42CA-49AD-9115-C5A074D2D001}.Debug|Any CPU.ActiveCfg = Debug|Any CPU
		{591A0EE6-42CA-49AD-9115-C5A074D2D001}.Debug|Any CPU.Build.0 = Debug|Any CPU
		{591A0EE6-42CA-49AD-9115-C5A074D2D001}.Release|Any CPU.ActiveCfg = Release|Any CPU
		{591A0EE6-42CA-49AD-9115-C5A074D2D001}.Release|Any CPU.Build.0 = Release|Any CPU
		{0992243C-82C1-40EE-B074-2FB909F39FDE}.Debug|Any CPU.ActiveCfg = Debug|Any CPU
		{0992243C-82C1-40EE-B074-2FB909F39FDE}.Debug|Any CPU.Build.0 = Debug|Any CPU
		{0992243C-82C1-40EE-B074-2FB909F39FDE}.Release|Any CPU.ActiveCfg = Release|Any CPU
		{0992243C-82C1-40EE-B074-2FB909F39FDE}.Release|Any CPU.Build.0 = Release|Any CPU
		{2550167E-4FE7-4824-AEA1-DB866EB1BF61}.Debug|Any CPU.ActiveCfg = Debug|Any CPU
		{2550167E-4FE7-4824-AEA1-DB866EB1BF61}.Debug|Any CPU.Build.0 = Debug|Any CPU
		{2550167E-4FE7-4824-AEA1-DB866EB1BF61}.Release|Any CPU.ActiveCfg = Release|Any CPU
		{2550167E-4FE7-4824-AEA1-DB866EB1BF61}.Release|Any CPU.Build.0 = Release|Any CPU
		{03692E81-6A07-467E-A5EA-87895CD16076}.Debug|Any CPU.ActiveCfg = Debug|Any CPU
		{03692E81-6A07-467E-A5EA-87895CD16076}.Debug|Any CPU.Build.0 = Debug|Any CPU
		{03692E81-6A07-467E-A5EA-87895CD16076}.Release|Any CPU.ActiveCfg = Release|Any CPU
		{03692E81-6A07-467E-A5EA-87895CD16076}.Release|Any CPU.Build.0 = Release|Any CPU
		{E8791E15-B609-426A-AB1D-3424155DA929}.Debug|Any CPU.ActiveCfg = Debug|Any CPU
		{E8791E15-B609-426A-AB1D-3424155DA929}.Debug|Any CPU.Build.0 = Debug|Any CPU
		{E8791E15-B609-426A-AB1D-3424155DA929}.Release|Any CPU.ActiveCfg = Release|Any CPU
		{E8791E15-B609-426A-AB1D-3424155DA929}.Release|Any CPU.Build.0 = Release|Any CPU
		{1D723766-978D-4746-9286-FE6FB8E4EFFC}.Debug|Any CPU.ActiveCfg = Debug|Any CPU
		{1D723766-978D-4746-9286-FE6FB8E4EFFC}.Debug|Any CPU.Build.0 = Debug|Any CPU
		{1D723766-978D-4746-9286-FE6FB8E4EFFC}.Release|Any CPU.ActiveCfg = Release|Any CPU
		{1D723766-978D-4746-9286-FE6FB8E4EFFC}.Release|Any CPU.Build.0 = Release|Any CPU
		{F6C8D82A-355C-4B04-AEA0-0E878D97ED78}.Debug|Any CPU.ActiveCfg = Debug|Any CPU
		{F6C8D82A-355C-4B04-AEA0-0E878D97ED78}.Debug|Any CPU.Build.0 = Debug|Any CPU
		{F6C8D82A-355C-4B04-AEA0-0E878D97ED78}.Release|Any CPU.ActiveCfg = Release|Any CPU
		{F6C8D82A-355C-4B04-AEA0-0E878D97ED78}.Release|Any CPU.Build.0 = Release|Any CPU
		{23F32633-6CF3-4AB5-AEF5-EAAF654A6437}.Debug|Any CPU.ActiveCfg = Debug|Any CPU
		{23F32633-6CF3-4AB5-AEF5-EAAF654A6437}.Debug|Any CPU.Build.0 = Debug|Any CPU
		{23F32633-6CF3-4AB5-AEF5-EAAF654A6437}.Release|Any CPU.ActiveCfg = Release|Any CPU
		{23F32633-6CF3-4AB5-AEF5-EAAF654A6437}.Release|Any CPU.Build.0 = Release|Any CPU
		{9239C761-2C56-4615-B1F0-0F35D4FD70C1}.Debug|Any CPU.ActiveCfg = Debug|Any CPU
		{9239C761-2C56-4615-B1F0-0F35D4FD70C1}.Debug|Any CPU.Build.0 = Debug|Any CPU
		{9239C761-2C56-4615-B1F0-0F35D4FD70C1}.Release|Any CPU.ActiveCfg = Release|Any CPU
		{9239C761-2C56-4615-B1F0-0F35D4FD70C1}.Release|Any CPU.Build.0 = Release|Any CPU
		{055AFFF7-736B-4578-B67E-D850F39377F6}.Debug|Any CPU.ActiveCfg = Debug|Any CPU
		{055AFFF7-736B-4578-B67E-D850F39377F6}.Debug|Any CPU.Build.0 = Debug|Any CPU
		{055AFFF7-736B-4578-B67E-D850F39377F6}.Release|Any CPU.ActiveCfg = Release|Any CPU
		{055AFFF7-736B-4578-B67E-D850F39377F6}.Release|Any CPU.Build.0 = Release|Any CPU
		{B6BF5147-8E6B-491C-A917-97C71DE79E5F}.Debug|Any CPU.ActiveCfg = Debug|Any CPU
		{B6BF5147-8E6B-491C-A917-97C71DE79E5F}.Debug|Any CPU.Build.0 = Debug|Any CPU
		{B6BF5147-8E6B-491C-A917-97C71DE79E5F}.Release|Any CPU.ActiveCfg = Release|Any CPU
		{B6BF5147-8E6B-491C-A917-97C71DE79E5F}.Release|Any CPU.Build.0 = Release|Any CPU
		{6F07E06E-A66E-44C0-AF2B-92851ACB4032}.Debug|Any CPU.ActiveCfg = Debug|Any CPU
		{6F07E06E-A66E-44C0-AF2B-92851ACB4032}.Debug|Any CPU.Build.0 = Debug|Any CPU
		{6F07E06E-A66E-44C0-AF2B-92851ACB4032}.Release|Any CPU.ActiveCfg = Release|Any CPU
		{6F07E06E-A66E-44C0-AF2B-92851ACB4032}.Release|Any CPU.Build.0 = Release|Any CPU
		{4727030F-115F-4F3E-BD3C-2101F62BF259}.Debug|Any CPU.ActiveCfg = Debug|Any CPU
		{4727030F-115F-4F3E-BD3C-2101F62BF259}.Debug|Any CPU.Build.0 = Debug|Any CPU
		{4727030F-115F-4F3E-BD3C-2101F62BF259}.Release|Any CPU.ActiveCfg = Release|Any CPU
		{4727030F-115F-4F3E-BD3C-2101F62BF259}.Release|Any CPU.Build.0 = Release|Any CPU
		{9BD8AECD-0F9A-4604-8C35-9513AAB8A16C}.Debug|Any CPU.ActiveCfg = Debug|Any CPU
		{9BD8AECD-0F9A-4604-8C35-9513AAB8A16C}.Debug|Any CPU.Build.0 = Debug|Any CPU
		{9BD8AECD-0F9A-4604-8C35-9513AAB8A16C}.Release|Any CPU.ActiveCfg = Release|Any CPU
		{9BD8AECD-0F9A-4604-8C35-9513AAB8A16C}.Release|Any CPU.Build.0 = Release|Any CPU
		{427EB76F-D8CF-49B1-91E4-42A3F1336DED}.Debug|Any CPU.ActiveCfg = Debug|Any CPU
		{427EB76F-D8CF-49B1-91E4-42A3F1336DED}.Debug|Any CPU.Build.0 = Debug|Any CPU
		{427EB76F-D8CF-49B1-91E4-42A3F1336DED}.Release|Any CPU.ActiveCfg = Release|Any CPU
		{427EB76F-D8CF-49B1-91E4-42A3F1336DED}.Release|Any CPU.Build.0 = Release|Any CPU
		{85E0BF9D-A27B-440F-B23A-716FA8A235B6}.Debug|Any CPU.ActiveCfg = Debug|Any CPU
		{85E0BF9D-A27B-440F-B23A-716FA8A235B6}.Debug|Any CPU.Build.0 = Debug|Any CPU
		{85E0BF9D-A27B-440F-B23A-716FA8A235B6}.Release|Any CPU.ActiveCfg = Release|Any CPU
		{85E0BF9D-A27B-440F-B23A-716FA8A235B6}.Release|Any CPU.Build.0 = Release|Any CPU
		{70D9AA82-2883-452E-9676-36EFD1BF3EF2}.Debug|Any CPU.ActiveCfg = Debug|Any CPU
		{70D9AA82-2883-452E-9676-36EFD1BF3EF2}.Debug|Any CPU.Build.0 = Debug|Any CPU
		{70D9AA82-2883-452E-9676-36EFD1BF3EF2}.Release|Any CPU.ActiveCfg = Release|Any CPU
		{70D9AA82-2883-452E-9676-36EFD1BF3EF2}.Release|Any CPU.Build.0 = Release|Any CPU
		{40F65977-D09D-41FA-BC90-F17A4A2EB7CB}.Debug|Any CPU.ActiveCfg = Debug|Any CPU
		{40F65977-D09D-41FA-BC90-F17A4A2EB7CB}.Debug|Any CPU.Build.0 = Debug|Any CPU
		{40F65977-D09D-41FA-BC90-F17A4A2EB7CB}.Release|Any CPU.ActiveCfg = Release|Any CPU
		{40F65977-D09D-41FA-BC90-F17A4A2EB7CB}.Release|Any CPU.Build.0 = Release|Any CPU
		{E523AC41-D9F1-495F-9EDC-072DA2628DDE}.Debug|Any CPU.ActiveCfg = Debug|Any CPU
		{E523AC41-D9F1-495F-9EDC-072DA2628DDE}.Debug|Any CPU.Build.0 = Debug|Any CPU
		{E523AC41-D9F1-495F-9EDC-072DA2628DDE}.Release|Any CPU.ActiveCfg = Release|Any CPU
		{E523AC41-D9F1-495F-9EDC-072DA2628DDE}.Release|Any CPU.Build.0 = Release|Any CPU
		{1443C3D3-EC68-4A2C-8623-D90A07097673}.Debug|Any CPU.ActiveCfg = Debug|Any CPU
		{1443C3D3-EC68-4A2C-8623-D90A07097673}.Debug|Any CPU.Build.0 = Debug|Any CPU
		{1443C3D3-EC68-4A2C-8623-D90A07097673}.Release|Any CPU.ActiveCfg = Release|Any CPU
		{1443C3D3-EC68-4A2C-8623-D90A07097673}.Release|Any CPU.Build.0 = Release|Any CPU
		{8ED1561F-2CD8-4E4F-8F6F-E147C848EA4A}.Debug|Any CPU.ActiveCfg = Debug|Any CPU
		{8ED1561F-2CD8-4E4F-8F6F-E147C848EA4A}.Debug|Any CPU.Build.0 = Debug|Any CPU
		{8ED1561F-2CD8-4E4F-8F6F-E147C848EA4A}.Release|Any CPU.ActiveCfg = Release|Any CPU
		{8ED1561F-2CD8-4E4F-8F6F-E147C848EA4A}.Release|Any CPU.Build.0 = Release|Any CPU
		{CCE2E09F-E98F-41E9-8376-A1702C36A309}.Debug|Any CPU.ActiveCfg = Debug|Any CPU
		{CCE2E09F-E98F-41E9-8376-A1702C36A309}.Debug|Any CPU.Build.0 = Debug|Any CPU
		{CCE2E09F-E98F-41E9-8376-A1702C36A309}.Release|Any CPU.ActiveCfg = Release|Any CPU
		{CCE2E09F-E98F-41E9-8376-A1702C36A309}.Release|Any CPU.Build.0 = Release|Any CPU
		{C1ECCC81-2770-4524-8B18-8CD85474B6B6}.Debug|Any CPU.ActiveCfg = Debug|Any CPU
		{C1ECCC81-2770-4524-8B18-8CD85474B6B6}.Debug|Any CPU.Build.0 = Debug|Any CPU
		{C1ECCC81-2770-4524-8B18-8CD85474B6B6}.Release|Any CPU.ActiveCfg = Release|Any CPU
		{C1ECCC81-2770-4524-8B18-8CD85474B6B6}.Release|Any CPU.Build.0 = Release|Any CPU
	EndGlobalSection
	GlobalSection(SolutionProperties) = preSolution
		HideSolutionNode = FALSE
	EndGlobalSection
	GlobalSection(NestedProjects) = preSolution
		{61A3CB74-B273-4E23-A2FB-6A11E37BE2CD} = {92D7FD45-4B21-4225-A9C6-9563EF5D2622}
		{55F2F049-622C-4AA3-9D81-28EBBCA827E4} = {92D7FD45-4B21-4225-A9C6-9563EF5D2622}
		{0D019FB8-4D38-43A7-83E4-E41FD91600EF} = {92D7FD45-4B21-4225-A9C6-9563EF5D2622}
		{591A0EE6-42CA-49AD-9115-C5A074D2D001} = {3B14DB13-FAE1-4078-8E51-1AA71DEDAD61}
		{0992243C-82C1-40EE-B074-2FB909F39FDE} = {CA6C3BEC-0687-4992-A470-16FEF719DA33}
		{2550167E-4FE7-4824-AEA1-DB866EB1BF61} = {92D7FD45-4B21-4225-A9C6-9563EF5D2622}
		{03692E81-6A07-467E-A5EA-87895CD16076} = {CA6C3BEC-0687-4992-A470-16FEF719DA33}
		{E8791E15-B609-426A-AB1D-3424155DA929} = {CA6C3BEC-0687-4992-A470-16FEF719DA33}
		{1D723766-978D-4746-9286-FE6FB8E4EFFC} = {92D7FD45-4B21-4225-A9C6-9563EF5D2622}
		{F6C8D82A-355C-4B04-AEA0-0E878D97ED78} = {CA6C3BEC-0687-4992-A470-16FEF719DA33}
		{23F32633-6CF3-4AB5-AEF5-EAAF654A6437} = {CA6C3BEC-0687-4992-A470-16FEF719DA33}
		{9239C761-2C56-4615-B1F0-0F35D4FD70C1} = {CA6C3BEC-0687-4992-A470-16FEF719DA33}
		{055AFFF7-736B-4578-B67E-D850F39377F6} = {CA6C3BEC-0687-4992-A470-16FEF719DA33}
		{B6BF5147-8E6B-491C-A917-97C71DE79E5F} = {2CA9B4EF-0C2C-43F2-A9AA-7D315D9F1439}
		{6F07E06E-A66E-44C0-AF2B-92851ACB4032} = {58CAA322-1AD8-4F79-8BEA-D0AE214DCC69}
		{4727030F-115F-4F3E-BD3C-2101F62BF259} = {92D7FD45-4B21-4225-A9C6-9563EF5D2622}
		{9BD8AECD-0F9A-4604-8C35-9513AAB8A16C} = {D52B7EDA-532C-4417-861F-A0F57B9D47EF}
		{427EB76F-D8CF-49B1-91E4-42A3F1336DED} = {92D7FD45-4B21-4225-A9C6-9563EF5D2622}
		{85E0BF9D-A27B-440F-B23A-716FA8A235B6} = {92D7FD45-4B21-4225-A9C6-9563EF5D2622}
		{B7D2EC80-5939-40B5-AF81-D661482ABAEE} = {2CA9B4EF-0C2C-43F2-A9AA-7D315D9F1439}
		{70D9AA82-2883-452E-9676-36EFD1BF3EF2} = {92D7FD45-4B21-4225-A9C6-9563EF5D2622}
		{40F65977-D09D-41FA-BC90-F17A4A2EB7CB} = {92D7FD45-4B21-4225-A9C6-9563EF5D2622}
		{58CAA322-1AD8-4F79-8BEA-D0AE214DCC69} = {92D7FD45-4B21-4225-A9C6-9563EF5D2622}
		{E523AC41-D9F1-495F-9EDC-072DA2628DDE} = {CA6C3BEC-0687-4992-A470-16FEF719DA33}
		{1443C3D3-EC68-4A2C-8623-D90A07097673} = {92D7FD45-4B21-4225-A9C6-9563EF5D2622}
		{63B8D0AE-B52E-40AB-9A8F-F368FA098E4D} = {92D7FD45-4B21-4225-A9C6-9563EF5D2622}
		{8ED1561F-2CD8-4E4F-8F6F-E147C848EA4A} = {92D7FD45-4B21-4225-A9C6-9563EF5D2622}
		{CCE2E09F-E98F-41E9-8376-A1702C36A309} = {B7D2EC80-5939-40B5-AF81-D661482ABAEE}
		{C1ECCC81-2770-4524-8B18-8CD85474B6B6} = {B7D2EC80-5939-40B5-AF81-D661482ABAEE}
	EndGlobalSection
	GlobalSection(ExtensibilityGlobals) = postSolution
		SolutionGuid = {C18688CF-5AC1-43FC-BCC4-1DC18B27683D}
	EndGlobalSection
	GlobalSection(SharedMSBuildProjectFiles) = preSolution
		SharedCode\SharedCode.projitems*{63b8d0ae-b52e-40ab-9a8f-f368fa098e4d}*SharedItemsImports = 13
		SharedCode\SharedCode.projitems*{6f870f7a-8d5a-4630-9efb-18b1b0c07f0d}*SharedItemsImports = 5
		SharedCode\SharedCode.projitems*{7b5d745e-cad1-471f-a6ec-462ffd040bb8}*SharedItemsImports = 5
	EndGlobalSection
EndGlobal
